
Microsoft Visual Studio Solution File, Format Version 12.00
# Visual Studio 15
VisualStudioVersion = 15.0.26730.3
MinimumVisualStudioVersion = 10.0.40219.1
Project("{9A19103F-16F7-4668-BE54-9A1E7A4F7556}") = "Brambillator.CulturedMedia.Domain", "Brambillator.CulturedMedia.Domain\Brambillator.CulturedMedia.Domain.csproj", "{1BD86AD2-4905-480B-A06A-F389C87075B0}"
EndProject
Project("{9A19103F-16F7-4668-BE54-9A1E7A4F7556}") = "Brambillator.CulturedMedia.Repositories", "Brambillator.CulturedMedia.Repositories\Brambillator.CulturedMedia.Repositories.csproj", "{C7FEE389-E075-45C3-BCC0-522FCFEDBC63}"
EndProject
Project("{9A19103F-16F7-4668-BE54-9A1E7A4F7556}") = "Brambillator.CulturedMedia.Service", "Brambillator.CulturedMedia.Service\Brambillator.CulturedMedia.Service.csproj", "{1F60FE7D-5B98-4510-8C2B-E8956C68D517}"
EndProject
Project("{9A19103F-16F7-4668-BE54-9A1E7A4F7556}") = "Brambillator.CulturedMedia.Tests", "Brambillator.CulturedMedia.Tests\Brambillator.CulturedMedia.Tests.csproj", "{BE176208-65F7-49A1-9439-6106B66A87D7}"
EndProject
Project("{9A19103F-16F7-4668-BE54-9A1E7A4F7556}") = "Brambillator.CulturedMedia.ConsoleApp", "Brambillator.CulturedMedia.ConsoleApp\Brambillator.CulturedMedia.ConsoleApp.csproj", "{6793D213-E504-4669-8970-B71AB9E54C78}"
EndProject
Global
	GlobalSection(SolutionConfigurationPlatforms) = preSolution
		Debug|Any CPU = Debug|Any CPU
		Release|Any CPU = Release|Any CPU
	EndGlobalSection
	GlobalSection(ProjectConfigurationPlatforms) = postSolution
		{1BD86AD2-4905-480B-A06A-F389C87075B0}.Debug|Any CPU.ActiveCfg = Debug|Any CPU
		{1BD86AD2-4905-480B-A06A-F389C87075B0}.Debug|Any CPU.Build.0 = Debug|Any CPU
		{1BD86AD2-4905-480B-A06A-F389C87075B0}.Release|Any CPU.ActiveCfg = Release|Any CPU
		{1BD86AD2-4905-480B-A06A-F389C87075B0}.Release|Any CPU.Build.0 = Release|Any CPU
		{C7FEE389-E075-45C3-BCC0-522FCFEDBC63}.Debug|Any CPU.ActiveCfg = Debug|Any CPU
		{C7FEE389-E075-45C3-BCC0-522FCFEDBC63}.Debug|Any CPU.Build.0 = Debug|Any CPU
		{C7FEE389-E075-45C3-BCC0-522FCFEDBC63}.Release|Any CPU.ActiveCfg = Release|Any CPU
		{C7FEE389-E075-45C3-BCC0-522FCFEDBC63}.Release|Any CPU.Build.0 = Release|Any CPU
		{1F60FE7D-5B98-4510-8C2B-E8956C68D517}.Debug|Any CPU.ActiveCfg = Debug|Any CPU
		{1F60FE7D-5B98-4510-8C2B-E8956C68D517}.Debug|Any CPU.Build.0 = Debug|Any CPU
		{1F60FE7D-5B98-4510-8C2B-E8956C68D517}.Release|Any CPU.ActiveCfg = Release|Any CPU
		{1F60FE7D-5B98-4510-8C2B-E8956C68D517}.Release|Any CPU.Build.0 = Release|Any CPU
		{BE176208-65F7-49A1-9439-6106B66A87D7}.Debug|Any CPU.ActiveCfg = Debug|Any CPU
		{BE176208-65F7-49A1-9439-6106B66A87D7}.Debug|Any CPU.Build.0 = Debug|Any CPU
		{BE176208-65F7-49A1-9439-6106B66A87D7}.Release|Any CPU.ActiveCfg = Release|Any CPU
		{BE176208-65F7-49A1-9439-6106B66A87D7}.Release|Any CPU.Build.0 = Release|Any CPU
		{6793D213-E504-4669-8970-B71AB9E54C78}.Debug|Any CPU.ActiveCfg = Debug|Any CPU
		{6793D213-E504-4669-8970-B71AB9E54C78}.Debug|Any CPU.Build.0 = Debug|Any CPU
		{6793D213-E504-4669-8970-B71AB9E54C78}.Release|Any CPU.ActiveCfg = Release|Any CPU
		{6793D213-E504-4669-8970-B71AB9E54C78}.Release|Any CPU.Build.0 = Release|Any CPU
	EndGlobalSection
	GlobalSection(SolutionProperties) = preSolution
		HideSolutionNode = FALSE
	EndGlobalSection
	GlobalSection(ExtensibilityGlobals) = postSolution
		SolutionGuid = {FBFA988F-8686-4E75-A2A4-245FFCB884C0}
	EndGlobalSection
EndGlobal
